
Microsoft Visual Studio Solution File, Format Version 12.00
Project("{FAE04EC0-301F-11D3-BF4B-00C04F79EFBC}") = "ProyectoFinal.Antares.Domain", "ProyectoFinal.Antares.Domain\ProyectoFinal.Antares.Domain.csproj", "{9048E320-975B-4B1D-985D-12F70FE4F6B1}"
EndProject
Project("{FAE04EC0-301F-11D3-BF4B-00C04F79EFBC}") = "ProyectoFinal.Antares.Data", "ProyectoFinal.Antares.Data\ProyectoFinal.Antares.Data.csproj", "{3A5A6C13-D35D-440E-8F74-B6B966AA1232}"
EndProject
Project("{FAE04EC0-301F-11D3-BF4B-00C04F79EFBC}") = "ProyectoFinal.Antares.Api", "ProyectoFinal.Antares.Api\ProyectoFinal.Antares.Api.csproj", "{43EAF6BC-9B58-41A2-9D69-85591BEEFA9F}"
EndProject
Project("{2150E333-8FDC-42A3-9474-1A3956D46DE8}") = "ProyectoFinal.Antares.Web", "ProyectoFinal.Antares.Web", "{4D21E00D-CA79-4396-8B33-BA877B29D839}"
EndProject
Global
	GlobalSection(SolutionConfigurationPlatforms) = preSolution
		Debug|Any CPU = Debug|Any CPU
		Release|Any CPU = Release|Any CPU
	EndGlobalSection
	GlobalSection(ProjectConfigurationPlatforms) = postSolution
		{9048E320-975B-4B1D-985D-12F70FE4F6B1}.Debug|Any CPU.ActiveCfg = Debug|Any CPU
		{9048E320-975B-4B1D-985D-12F70FE4F6B1}.Debug|Any CPU.Build.0 = Debug|Any CPU
		{9048E320-975B-4B1D-985D-12F70FE4F6B1}.Release|Any CPU.ActiveCfg = Release|Any CPU
		{9048E320-975B-4B1D-985D-12F70FE4F6B1}.Release|Any CPU.Build.0 = Release|Any CPU
		{3A5A6C13-D35D-440E-8F74-B6B966AA1232}.Debug|Any CPU.ActiveCfg = Debug|Any CPU
		{3A5A6C13-D35D-440E-8F74-B6B966AA1232}.Debug|Any CPU.Build.0 = Debug|Any CPU
		{3A5A6C13-D35D-440E-8F74-B6B966AA1232}.Release|Any CPU.ActiveCfg = Release|Any CPU
		{3A5A6C13-D35D-440E-8F74-B6B966AA1232}.Release|Any CPU.Build.0 = Release|Any CPU
		{43EAF6BC-9B58-41A2-9D69-85591BEEFA9F}.Debug|Any CPU.ActiveCfg = Debug|Any CPU
		{43EAF6BC-9B58-41A2-9D69-85591BEEFA9F}.Debug|Any CPU.Build.0 = Debug|Any CPU
		{43EAF6BC-9B58-41A2-9D69-85591BEEFA9F}.Release|Any CPU.ActiveCfg = Release|Any CPU
		{43EAF6BC-9B58-41A2-9D69-85591BEEFA9F}.Release|Any CPU.Build.0 = Release|Any CPU
	EndGlobalSection
EndGlobal
